schema_version: 1
resolved_at: "2026-08-12T04:47:00Z"
runtimes:
  node: "24.18.0"
  python: "3.14.6"
  python_compatibility_baseline: "3.12"
package_managers:
  pnpm: "10.13.1"
  uv: "0.12.0"
typescript:
  typescript: "6.0.3"
lint:
  eslint: "10.8.1"
  eslint_js: "10.0.1"
  typescript_eslint: "8.67.0"
  ruff: "0.16.2"
  mypy: "2.3.0"
test:
  vitest: "4.1.10"
  vitest_coverage_v8: "4.1.10"
  pytest: "9.1.1"
native_reference_host:
  git: "2.55.0"
  make: "4.4.1"
  sqlite: "3.51.2"
  curl: "8.18.0"
  jq: "1.8.1"
  openssl: "3.5.7"
  podman: "5.8.4"
  docker: "safe-disabled"
compatibility:
  typescript_note: "TypeScript 6 is the newest stable release accepted by typescript-eslint 8.67.0."
  corepack_note: "Corepack is optional when the exact pinned pnpm executable is already installed."
